// !$*UTF8*$!
{
	archiveVersion = 1;
	classes = {
	};
	objectVersion = 56;
	objects = {

/* Begin PBXBuildFile section */
		61910F702BD89AA300262B30 /* AccountInfo.swift in Sources */ = {isa = PBXBuildFile; fileRef = 61910F6F2BD89AA300262B30 /* AccountInfo.swift */; };
		61910F722BD89AB500262B30 /* AccountModel.swift in Sources */ = {isa = PBXBuildFile; fileRef = 61910F712BD89AB500262B30 /* AccountModel.swift */; };
		7176FDA62BD67936005185F9 /* MapController.swift in Sources */ = {isa = PBXBuildFile; fileRef = 7176FDA52BD67936005185F9 /* MapController.swift */; };
		719DA2F52BD875500076BA1F /* FloatingTabBar.swift in Sources */ = {isa = PBXBuildFile; fileRef = 719DA2F42BD875500076BA1F /* FloatingTabBar.swift */; };
		8D11084C2BD614C200598B16 /* AppDelegate.swift in Sources */ = {isa = PBXBuildFile; fileRef = 8D11084B2BD614C200598B16 /* AppDelegate.swift */; };
		8D11084E2BD614C200598B16 /* SceneDelegate.swift in Sources */ = {isa = PBXBuildFile; fileRef = 8D11084D2BD614C200598B16 /* SceneDelegate.swift */; };
		8D1108502BD614C200598B16 /* ViewController.swift in Sources */ = {isa = PBXBuildFile; fileRef = 8D11084F2BD614C200598B16 /* ViewController.swift */; };
		8D1108532BD614C200598B16 /* Base in Resources */ = {isa = PBXBuildFile; fileRef = 8D1108522BD614C200598B16 /* Base */; };
		8D1108552BD614C300598B16 /* Assets.xcassets in Resources */ = {isa = PBXBuildFile; fileRef = 8D1108542BD614C300598B16 /* Assets.xcassets */; };
		8D1108582BD614C300598B16 /* Base in Resources */ = {isa = PBXBuildFile; fileRef = 8D1108572BD614C300598B16 /* Base */; };
		8D885BC82BD802C700924D71 /* RentViewController.swift in Sources */ = {isa = PBXBuildFile; fileRef = 8D885BC72BD802C700924D71 /* RentViewController.swift */; };
		B98DBE4B2BD6452800035AAB /* ProfileViewController.swift in Sources */ = {isa = PBXBuildFile; fileRef = B98DBE4A2BD6452800035AAB /* ProfileViewController.swift */; };
		CAABBC822BD75F3600D9FC3D /* SignupVC.swift in Sources */ = {isa = PBXBuildFile; fileRef = CAABBC812BD75F3600D9FC3D /* SignupVC.swift */; };
		CAEE6C372BD63E7C0053A261 /* Heela'sVC.swift in Sources */ = {isa = PBXBuildFile; fileRef = CAEE6C362BD63E7C0053A261 /* Heela'sVC.swift */; };
/* End PBXBuildFile section */

/* Begin PBXFileReference section */
		61910F6F2BD89AA300262B30 /* AccountInfo.swift */ = {isa = PBXFileReference; fileEncoding = 4; lastKnownFileType = sourcecode.swift; path = AccountInfo.swift; sourceTree = "<group>"; };
		61910F712BD89AB500262B30 /* AccountModel.swift */ = {isa = PBXFileReference; lastKnownFileType = sourcecode.swift; path = AccountModel.swift; sourceTree = "<group>"; };
		7176FDA52BD67936005185F9 /* MapController.swift */ = {isa = PBXFileReference; lastKnownFileType = sourcecode.swift; path = MapController.swift; sourceTree = "<group>"; };
		719DA2F42BD875500076BA1F /* FloatingTabBar.swift */ = {isa = PBXFileReference; lastKnownFileType = sourcecode.swift; path = FloatingTabBar.swift; sourceTree = "<group>"; };
		8D1108482BD614C200598B16 /* Bean-scooter-app.app */ = {isa = PBXFileReference; explicitFileType = wrapper.application; includeInIndex = 0; path = "Bean-scooter-app.app"; sourceTree = BUILT_PRODUCTS_DIR; };
		8D11084B2BD614C200598B16 /* AppDelegate.swift */ = {isa = PBXFileReference; lastKnownFileType = sourcecode.swift; path = AppDelegate.swift; sourceTree = "<group>"; };
		8D11084D2BD614C200598B16 /* SceneDelegate.swift */ = {isa = PBXFileReference; lastKnownFileType = sourcecode.swift; path = SceneDelegate.swift; sourceTree = "<group>"; };
		8D11084F2BD614C200598B16 /* ViewController.swift */ = {isa = PBXFileReference; lastKnownFileType = sourcecode.swift; path = ViewController.swift; sourceTree = "<group>"; };
		8D1108522BD614C200598B16 /* Base */ = {isa = PBXFileReference; lastKnownFileType = file.storyboard; name = Base; path = Base.lproj/Main.storyboard; sourceTree = "<group>"; };
		8D1108542BD614C300598B16 /* Assets.xcassets */ = {isa = PBXFileReference; lastKnownFileType = folder.assetcatalog; path = Assets.xcassets; sourceTree = "<group>"; };
		8D1108572BD614C300598B16 /* Base */ = {isa = PBXFileReference; lastKnownFileType = file.storyboard; name = Base; path = Base.lproj/LaunchScreen.storyboard; sourceTree = "<group>"; };
		8D1108592BD614C300598B16 /* Info.plist */ = {isa = PBXFileReference; lastKnownFileType = text.plist.xml; path = Info.plist; sourceTree = "<group>"; };
		8D885BC72BD802C700924D71 /* RentViewController.swift */ = {isa = PBXFileReference; lastKnownFileType = sourcecode.swift; name = RentViewController.swift; path = ../../RentViewController.swift; sourceTree = "<group>"; };
		B98DBE4A2BD6452800035AAB /* ProfileViewController.swift */ = {isa = PBXFileReference; lastKnownFileType = sourcecode.swift; path = ProfileViewController.swift; sourceTree = "<group>"; };
		CAABBC812BD75F3600D9FC3D /* SignupVC.swift */ = {isa = PBXFileReference; lastKnownFileType = sourcecode.swift; path = SignupVC.swift; sourceTree = "<group>"; };
		CAEE6C362BD63E7C0053A261 /* Heela'sVC.swift */ = {isa = PBXFileReference; lastKnownFileType = sourcecode.swift; path = "Heela'sVC.swift"; sourceTree = "<group>"; };
/* End PBXFileReference section */

/* Begin PBXFrameworksBuildPhase section */
		8D1108452BD614C200598B16 /* Frameworks */ = {
			isa = PBXFrameworksBuildPhase;
			buildActionMask = 2147483647;
			files = (
			);
			runOnlyForDeploymentPostprocessing = 0;
		};
/* End PBXFrameworksBuildPhase section */

/* Begin PBXGroup section */
		61910F6A2BD89A2E00262B30 /* Model */ = {
			isa = PBXGroup;
			children = (
				61910F6F2BD89AA300262B30 /* AccountInfo.swift */,
				61910F712BD89AB500262B30 /* AccountModel.swift */,
			);
			path = Model;
			sourceTree = "<group>";
		};
		8D11083F2BD614C200598B16 = {
			isa = PBXGroup;
			children = (
				8D11084A2BD614C200598B16 /* Bean-scooter-app */,
				8D1108492BD614C200598B16 /* Products */,
			);
			sourceTree = "<group>";
		};
		8D1108492BD614C200598B16 /* Products */ = {
			isa = PBXGroup;
			children = (
				8D1108482BD614C200598B16 /* Bean-scooter-app.app */,
			);
			name = Products;
			sourceTree = "<group>";
		};
		8D11084A2BD614C200598B16 /* Bean-scooter-app */ = {
			isa = PBXGroup;
			children = (
				61910F6A2BD89A2E00262B30 /* Model */,
				8D90B31C2BD62B0600D75E7D /* Controller */,
				8D90B31B2BD62AFA00D75E7D /* View */,
				8D11084B2BD614C200598B16 /* AppDelegate.swift */,
				8D11084D2BD614C200598B16 /* SceneDelegate.swift */,
				8D1108542BD614C300598B16 /* Assets.xcassets */,
				8D1108592BD614C300598B16 /* Info.plist */,
			);
			path = "Bean-scooter-app";
			sourceTree = "<group>";
		};
		8D90B31B2BD62AFA00D75E7D /* View */ = {
			isa = PBXGroup;
			children = (
				8D1108562BD614C300598B16 /* LaunchScreen.storyboard */,
				8D1108512BD614C200598B16 /* Main.storyboard */,
			);
			path = View;
			sourceTree = "<group>";
		};
		8D90B31C2BD62B0600D75E7D /* Controller */ = {
			isa = PBXGroup;
			children = (
				B98DBE4A2BD6452800035AAB /* ProfileViewController.swift */,
				8D885BC72BD802C700924D71 /* RentViewController.swift */,
				8D11084F2BD614C200598B16 /* ViewController.swift */,
				7176FDA52BD67936005185F9 /* MapController.swift */,
				719DA2F42BD875500076BA1F /* FloatingTabBar.swift */,
				CAEE6C362BD63E7C0053A261 /* Heela'sVC.swift */,
				CAABBC812BD75F3600D9FC3D /* SignupVC.swift */,
			);
			path = Controller;
			sourceTree = "<group>";
		};
/* End PBXGroup section */

/* Begin PBXNativeTarget section */
		8D1108472BD614C200598B16 /* Bean-scooter-app */ = {
			isa = PBXNativeTarget;
			buildConfigurationList = 8D11085C2BD614C300598B16 /* Build configuration list for PBXNativeTarget "Bean-scooter-app" */;
			buildPhases = (
				8D1108442BD614C200598B16 /* Sources */,
				8D1108452BD614C200598B16 /* Frameworks */,
				8D1108462BD614C200598B16 /* Resources */,
			);
			buildRules = (
			);
			dependencies = (
			);
			name = "Bean-scooter-app";
			productName = "Bean-scooter-app";
			productReference = 8D1108482BD614C200598B16 /* Bean-scooter-app.app */;
			productType = "com.apple.product-type.application";
		};
/* End PBXNativeTarget section */

/* Begin PBXProject section */
		8D1108402BD614C200598B16 /* Project object */ = {
			isa = PBXProject;
			attributes = {
				BuildIndependentTargetsInParallel = 1;
				LastSwiftUpdateCheck = 1530;
				LastUpgradeCheck = 1530;
				TargetAttributes = {
					8D1108472BD614C200598B16 = {
						CreatedOnToolsVersion = 15.3;
					};
				};
			};
			buildConfigurationList = 8D1108432BD614C200598B16 /* Build configuration list for PBXProject "Bean-scooter-app" */;
			compatibilityVersion = "Xcode 14.0";
			developmentRegion = en;
			hasScannedForEncodings = 0;
			knownRegions = (
				en,
				Base,
			);
			mainGroup = 8D11083F2BD614C200598B16;
			productRefGroup = 8D1108492BD614C200598B16 /* Products */;
			projectDirPath = "";
			projectRoot = "";
			targets = (
				8D1108472BD614C200598B16 /* Bean-scooter-app */,
			);
		};
/* End PBXProject section */

/* Begin PBXResourcesBuildPhase section */
		8D1108462BD614C200598B16 /* Resources */ = {
			isa = PBXResourcesBuildPhase;
			buildActionMask = 2147483647;
			files = (
				8D1108552BD614C300598B16 /* Assets.xcassets in Resources */,
				8D1108582BD614C300598B16 /* Base in Resources */,
				8D1108532BD614C200598B16 /* Base in Resources */,
			);
			runOnlyForDeploymentPostprocessing = 0;
		};
/* End PBXResourcesBuildPhase section */

/* Begin PBXSourcesBuildPhase section */
		8D1108442BD614C200598B16 /* Sources */ = {
			isa = PBXSourcesBuildPhase;
			buildActionMask = 2147483647;
			files = (
				7176FDA62BD67936005185F9 /* MapController.swift in Sources */,
				8D1108502BD614C200598B16 /* ViewController.swift in Sources */,
				CAABBC822BD75F3600D9FC3D /* SignupVC.swift in Sources */,
				CAEE6C372BD63E7C0053A261 /* Heela'sVC.swift in Sources */,
				8D11084C2BD614C200598B16 /* AppDelegate.swift in Sources */,
				B98DBE4B2BD6452800035AAB /* ProfileViewController.swift in Sources */,
				61910F722BD89AB500262B30 /* AccountModel.swift in Sources */,
				61910F702BD89AA300262B30 /* AccountInfo.swift in Sources */,
				719DA2F52BD875500076BA1F /* FloatingTabBar.swift in Sources */,
				8D11084E2BD614C200598B16 /* SceneDelegate.swift in Sources */,
				8D885BC82BD802C700924D71 /* RentViewController.swift in Sources */,
			);
			runOnlyForDeploymentPostprocessing = 0;
		};
/* End PBXSourcesBuildPhase section */

/* Begin PBXVariantGroup section */
		8D1108512BD614C200598B16 /* Main.storyboard */ = {
			isa = PBXVariantGroup;
			children = (
				8D1108522BD614C200598B16 /* Base */,
			);
			name = Main.storyboard;
			sourceTree = "<group>";
		};
		8D1108562BD614C300598B16 /* LaunchScreen.storyboard */ = {
			isa = PBXVariantGroup;
			children = (
				8D1108572BD614C300598B16 /* Base */,
			);
			name = LaunchScreen.storyboard;
			sourceTree = "<group>";
		};
/* End PBXVariantGroup section */

/* Begin XCBuildConfiguration section */
		8D11085A2BD614C300598B16 /* Debug */ = {
			isa = XCBuildConfiguration;
			buildSettings = {
				ALWAYS_SEARCH_USER_PATHS = NO;
				ASSETCATALOG_COMPILER_GENERATE_SWIFT_ASSET_SYMBOL_EXTENSIONS = YES;
				CLANG_ANALYZER_NONNULL = YES;
				CLANG_ANALYZER_NUMBER_OBJECT_CONVERSION = YES_AGGRESSIVE;
				CLANG_CXX_LANGUAGE_STANDARD = "gnu++20";
				CLANG_ENABLE_MODULES = YES;
				CLANG_ENABLE_OBJC_ARC = YES;
				CLANG_ENABLE_OBJC_WEAK = YES;
				CLANG_WARN_BLOCK_CAPTURE_AUTORELEASING = YES;
				CLANG_WARN_BOOL_CONVERSION = YES;
				CLANG_WARN_COMMA = YES;
				CLANG_WARN_CONSTANT_CONVERSION = YES;
				CLANG_WARN_DEPRECATED_OBJC_IMPLEMENTATIONS = YES;
				CLANG_WARN_DIRECT_OBJC_ISA_USAGE = YES_ERROR;
				CLANG_WARN_DOCUMENTATION_COMMENTS = YES;
				CLANG_WARN_EMPTY_BODY = YES;
				CLANG_WARN_ENUM_CONVERSION = YES;
				CLANG_WARN_INFINITE_RECURSION = YES;
				CLANG_WARN_INT_CONVERSION = YES;
				CLANG_WARN_NON_LITERAL_NULL_CONVERSION = YES;
				CLANG_WARN_OBJC_IMPLICIT_RETAIN_SELF = YES;
				CLANG_WARN_OBJC_LITERAL_CONVERSION = YES;
				CLANG_WARN_OBJC_ROOT_CLASS = YES_ERROR;
				CLANG_WARN_QUOTED_INCLUDE_IN_FRAMEWORK_HEADER = YES;
				CLANG_WARN_RANGE_LOOP_ANALYSIS = YES;
				CLANG_WARN_STRICT_PROTOTYPES = YES;
				CLANG_WARN_SUSPICIOUS_MOVE = YES;
				CLANG_WARN_UNGUARDED_AVAILABILITY = YES_AGGRESSIVE;
				CLANG_WARN_UNREACHABLE_CODE = YES;
				CLANG_WARN__DUPLICATE_METHOD_MATCH = YES;
				COPY_PHASE_STRIP = NO;
				DEBUG_INFORMATION_FORMAT = dwarf;
				ENABLE_STRICT_OBJC_MSGSEND = YES;
				ENABLE_TESTABILITY = YES;
				ENABLE_USER_SCRIPT_SANDBOXING = YES;
				GCC_C_LANGUAGE_STANDARD = gnu17;
				GCC_DYNAMIC_NO_PIC = NO;
				GCC_NO_COMMON_BLOCKS = YES;
				GCC_OPTIMIZATION_LEVEL = 0;
				GCC_PREPROCESSOR_DEFINITIONS = (
					"DEBUG=1",
					"$(inherited)",
				);
				GCC_WARN_64_TO_32_BIT_CONVERSION = YES;
				GCC_WARN_ABOUT_RETURN_TYPE = YES_ERROR;
				GCC_WARN_UNDECLARED_SELECTOR = YES;
				GCC_WARN_UNINITIALIZED_AUTOS = YES_AGGRESSIVE;
				GCC_WARN_UNUSED_FUNCTION = YES;
				GCC_WARN_UNUSED_VARIABLE = YES;
				IPHONEOS_DEPLOYMENT_TARGET = 17.4;
				LOCALIZATION_PREFERS_STRING_CATALOGS = YES;
				MTL_ENABLE_DEBUG_INFO = INCLUDE_SOURCE;
				MTL_FAST_MATH = YES;
				ONLY_ACTIVE_ARCH = YES;
				SDKROOT = iphoneos;
				SWIFT_ACTIVE_COMPILATION_CONDITIONS = "DEBUG $(inherited)";
				SWIFT_OPTIMIZATION_LEVEL = "-Onone";
			};
			name = Debug;
		};
		8D11085B2BD614C300598B16 /* Release */ = {
			isa = XCBuildConfiguration;
			buildSettings = {
				ALWAYS_SEARCH_USER_PATHS = NO;
				ASSETCATALOG_COMPILER_GENERATE_SWIFT_ASSET_SYMBOL_EXTENSIONS = YES;
				CLANG_ANALYZER_NONNULL = YES;
				CLANG_ANALYZER_NUMBER_OBJECT_CONVERSION = YES_AGGRESSIVE;
				CLANG_CXX_LANGUAGE_STANDARD = "gnu++20";
				CLANG_ENABLE_MODULES = YES;
				CLANG_ENABLE_OBJC_ARC = YES;
				CLANG_ENABLE_OBJC_WEAK = YES;
				CLANG_WARN_BLOCK_CAPTURE_AUTORELEASING = YES;
				CLANG_WARN_BOOL_CONVERSION = YES;
				CLANG_WARN_COMMA = YES;
				CLANG_WARN_CONSTANT_CONVERSION = YES;
				CLANG_WARN_DEPRECATED_OBJC_IMPLEMENTATIONS = YES;
				CLANG_WARN_DIRECT_OBJC_ISA_USAGE = YES_ERROR;
				CLANG_WARN_DOCUMENTATION_COMMENTS = YES;
				CLANG_WARN_EMPTY_BODY = YES;
				CLANG_WARN_ENUM_CONVERSION = YES;
				CLANG_WARN_INFINITE_RECURSION = YES;
				CLANG_WARN_INT_CONVERSION = YES;
				CLANG_WARN_NON_LITERAL_NULL_CONVERSION = YES;
				CLANG_WARN_OBJC_IMPLICIT_RETAIN_SELF = YES;
				CLANG_WARN_OBJC_LITERAL_CONVERSION = YES;
				CLANG_WARN_OBJC_ROOT_CLASS = YES_ERROR;
				CLANG_WARN_QUOTED_INCLUDE_IN_FRAMEWORK_HEADER = YES;
				CLANG_WARN_RANGE_LOOP_ANALYSIS = YES;
				CLANG_WARN_STRICT_PROTOTYPES = YES;
				CLANG_WARN_SUSPICIOUS_MOVE = YES;
				CLANG_WARN_UNGUARDED_AVAILABILITY = YES_AGGRESSIVE;
				CLANG_WARN_UNREACHABLE_CODE = YES;
				CLANG_WARN__DUPLICATE_METHOD_MATCH = YES;
				COPY_PHASE_STRIP = NO;
				DEBUG_INFORMATION_FORMAT = "dwarf-with-dsym";
				ENABLE_NS_ASSERTIONS = NO;
				ENABLE_STRICT_OBJC_MSGSEND = YES;
				ENABLE_USER_SCRIPT_SANDBOXING = YES;
				GCC_C_LANGUAGE_STANDARD = gnu17;
				GCC_NO_COMMON_BLOCKS = YES;
				GCC_WARN_64_TO_32_BIT_CONVERSION = YES;
				GCC_WARN_ABOUT_RETURN_TYPE = YES_ERROR;
				GCC_WARN_UNDECLARED_SELECTOR = YES;
				GCC_WARN_UNINITIALIZED_AUTOS = YES_AGGRESSIVE;
				GCC_WARN_UNUSED_FUNCTION = YES;
				GCC_WARN_UNUSED_VARIABLE = YES;
				IPHONEOS_DEPLOYMENT_TARGET = 17.4;
				LOCALIZATION_PREFERS_STRING_CATALOGS = YES;
				MTL_ENABLE_DEBUG_INFO = NO;
				MTL_FAST_MATH = YES;
				SDKROOT = iphoneos;
				SWIFT_COMPILATION_MODE = wholemodule;
				VALIDATE_PRODUCT = YES;
			};
			name = Release;
		};
		8D11085D2BD614C300598B16 /* Debug */ = {
			isa = XCBuildConfiguration;
			buildSettings = {
				ASSETCATALOG_COMPILER_APPICON_NAME = AppIcon;
				ASSETCATALOG_COMPILER_GLOBAL_ACCENT_COLOR_NAME = AccentColor;
				CODE_SIGN_IDENTITY = "Apple Development";
				CODE_SIGN_STYLE = Automatic;
				CURRENT_PROJECT_VERSION = 1;
				DEVELOPMENT_TEAM = LA95MXQ3R5;
				GENERATE_INFOPLIST_FILE = YES;
				INFOPLIST_FILE = "Bean-scooter-app/Info.plist";
				INFOPLIST_KEY_UIApplicationSupportsIndirectInputEvents = YES;
				INFOPLIST_KEY_UILaunchStoryboardName = LaunchScreen;
				INFOPLIST_KEY_UIMainStoryboardFile = Main;
				INFOPLIST_KEY_UISupportedInterfaceOrientations_iPad = "UIInterfaceOrientationPortrait UIInterfaceOrientationPortraitUpsideDown UIInterfaceOrientationLandscapeLeft UIInterfaceOrientationLandscapeRight";
				INFOPLIST_KEY_UISupportedInterfaceOrientations_iPhone = "UIInterfaceOrientationPortrait UIInterfaceOrientationLandscapeLeft UIInterfaceOrientationLandscapeRight";
				LD_RUNPATH_SEARCH_PATHS = (
					"$(inherited)",
					"@executable_path/Frameworks",
				);
				MARKETING_VERSION = 1.0;
				PRODUCT_BUNDLE_IDENTIFIER = "com.task.Bean-scooter-app";
				PRODUCT_NAME = "$(TARGET_NAME)";
				PROVISIONING_PROFILE_SPECIFIER = "";
				SWIFT_EMIT_LOC_STRINGS = YES;
				SWIFT_VERSION = 5.0;
				TARGETED_DEVICE_FAMILY = "1,2";
			};
			name = Debug;
		};
		8D11085E2BD614C300598B16 /* Release */ = {
			isa = XCBuildConfiguration;
			buildSettings = {
				ASSETCATALOG_COMPILER_APPICON_NAME = AppIcon;
				ASSETCATALOG_COMPILER_GLOBAL_ACCENT_COLOR_NAME = AccentColor;
				CODE_SIGN_IDENTITY = "Apple Development";
				CODE_SIGN_STYLE = Automatic;
				CURRENT_PROJECT_VERSION = 1;
				DEVELOPMENT_TEAM = LA95MXQ3R5;
				GENERATE_INFOPLIST_FILE = YES;
				INFOPLIST_FILE = "Bean-scooter-app/Info.plist";
				INFOPLIST_KEY_UIApplicationSupportsIndirectInputEvents = YES;
				INFOPLIST_KEY_UILaunchStoryboardName = LaunchScreen;
				INFOPLIST_KEY_UIMainStoryboardFile = Main;
				INFOPLIST_KEY_UISupportedInterfaceOrientations_iPad = "UIInterfaceOrientationPortrait UIInterfaceOrientationPortraitUpsideDown UIInterfaceOrientationLandscapeLeft UIInterfaceOrientationLandscapeRight";
				INFOPLIST_KEY_UISupportedInterfaceOrientations_iPhone = "UIInterfaceOrientationPortrait UIInterfaceOrientationLandscapeLeft UIInterfaceOrientationLandscapeRight";
				LD_RUNPATH_SEARCH_PATHS = (
					"$(inherited)",
					"@executable_path/Frameworks",
				);
				MARKETING_VERSION = 1.0;
				PRODUCT_BUNDLE_IDENTIFIER = "com.task.Bean-scooter-app";
				PRODUCT_NAME = "$(TARGET_NAME)";
				PROVISIONING_PROFILE_SPECIFIER = "";
				SWIFT_EMIT_LOC_STRINGS = YES;
				SWIFT_VERSION = 5.0;
				TARGETED_DEVICE_FAMILY = "1,2";
			};
			name = Release;
		};
/* End XCBuildConfiguration section */

/* Begin XCConfigurationList section */
		8D1108432BD614C200598B16 /* Build configuration list for PBXProject "Bean-scooter-app" */ = {
			isa = XCConfigurationList;
			buildConfigurations = (
				8D11085A2BD614C300598B16 /* Debug */,
				8D11085B2BD614C300598B16 /* Release */,
			);
			defaultConfigurationIsVisible = 0;
			defaultConfigurationName = Release;
		};
		8D11085C2BD614C300598B16 /* Build configuration list for PBXNativeTarget "Bean-scooter-app" */ = {
			isa = XCConfigurationList;
			buildConfigurations = (
				8D11085D2BD614C300598B16 /* Debug */,
				8D11085E2BD614C300598B16 /* Release */,
			);
			defaultConfigurationIsVisible = 0;
			defaultConfigurationName = Release;
		};
/* End XCConfigurationList section */
	};
	rootObject = 8D1108402BD614C200598B16 /* Project object */;
}
