// !$*UTF8*$!
{
	archiveVersion = 1;
	classes = {
	};
	objectVersion = 56;
	objects = {

/* Begin PBXBuildFile section */
		6148C5E32BDD03BE00A94055 /* PinModel.xcdatamodeld in Sources */ = {isa = PBXBuildFile; fileRef = 6148C5E12BDD03BE00A94055 /* PinModel.xcdatamodeld */; };
		6148C5E52BDD0C2F00A94055 /* savedPinSington.swift in Sources */ = {isa = PBXBuildFile; fileRef = 6148C5E42BDD0C2F00A94055 /* savedPinSington.swift */; };
		614BDF862BDC97C9003E1A29 /* ScooterManageViewController.swift in Sources */ = {isa = PBXBuildFile; fileRef = 614BDF852BDC97C9003E1A29 /* ScooterManageViewController.swift */; };
		614BDF8B2BDCAC32003E1A29 /* ScooterManageTableViewCell.swift in Sources */ = {isa = PBXBuildFile; fileRef = 614BDF892BDCAC32003E1A29 /* ScooterManageTableViewCell.swift */; };
		614BDF8C2BDCAC32003E1A29 /* ScooterManageTableViewCell.xib in Resources */ = {isa = PBXBuildFile; fileRef = 614BDF8A2BDCAC32003E1A29 /* ScooterManageTableViewCell.xib */; };
		616E24672BDADBD50060EDC2 /* RecordTableViewController.swift in Sources */ = {isa = PBXBuildFile; fileRef = 616E24662BDADBD50060EDC2 /* RecordTableViewController.swift */; };
		616E246A2BDADC210060EDC2 /* RecordTableViewCell.xib in Resources */ = {isa = PBXBuildFile; fileRef = 616E24692BDADC210060EDC2 /* RecordTableViewCell.xib */; };
		616E246B2BDADC210060EDC2 /* RecordTableViewCell.swift in Sources */ = {isa = PBXBuildFile; fileRef = 616E24682BDADC210060EDC2 /* RecordTableViewCell.swift */; };
		61814FA62BDBE0B900B169D9 /* CoordGenerator.swift in Sources */ = {isa = PBXBuildFile; fileRef = 61814FA52BDBE0B900B169D9 /* CoordGenerator.swift */; };
		61814FA82BDBEFED00B169D9 /* PinModel.swift in Sources */ = {isa = PBXBuildFile; fileRef = 61814FA72BDBEFED00B169D9 /* PinModel.swift */; };
		61823C082BDB731B0018AC15 /* LaunchViewController.swift in Sources */ = {isa = PBXBuildFile; fileRef = 61823C072BDB731B0018AC15 /* LaunchViewController.swift */; };
		61910F702BD89AA300262B30 /* AccountInfo.swift in Sources */ = {isa = PBXBuildFile; fileRef = 61910F6F2BD89AA300262B30 /* AccountInfo.swift */; };
		61910F722BD89AB500262B30 /* AccountModel.swift in Sources */ = {isa = PBXBuildFile; fileRef = 61910F712BD89AB500262B30 /* AccountModel.swift */; };
		61910F742BD8C43700262B30 /* TabbarViewController.swift in Sources */ = {isa = PBXBuildFile; fileRef = 61910F732BD8C43700262B30 /* TabbarViewController.swift */; };
		61910F802BD8C74100262B30 /* ProfileTableViewCell.swift in Sources */ = {isa = PBXBuildFile; fileRef = 61910F7E2BD8C74100262B30 /* ProfileTableViewCell.swift */; };
		61910F812BD8C74100262B30 /* ProfileTableViewCell.xib in Resources */ = {isa = PBXBuildFile; fileRef = 61910F7F2BD8C74100262B30 /* ProfileTableViewCell.xib */; };
		61910F842BD8D7E500262B30 /* Alamofire in Frameworks */ = {isa = PBXBuildFile; productRef = 61910F832BD8D7E500262B30 /* Alamofire */; };
		61910F872BD8D83A00262B30 /* MapModel.swift in Sources */ = {isa = PBXBuildFile; fileRef = 61910F862BD8D83A00262B30 /* MapModel.swift */; };
		61910F892BD8D84B00262B30 /* MapManager.swift in Sources */ = {isa = PBXBuildFile; fileRef = 61910F882BD8D84B00262B30 /* MapManager.swift */; };
		61A699DA2BDA6657005A460B /* ModalViewController.swift in Sources */ = {isa = PBXBuildFile; fileRef = 61A699D92BDA6657005A460B /* ModalViewController.swift */; };
		61A699DE2BDAD391005A460B /* RecordModel.swift in Sources */ = {isa = PBXBuildFile; fileRef = 61A699DD2BDAD391005A460B /* RecordModel.swift */; };
		61A699E12BDAD47E005A460B /* RecordSingleton.swift in Sources */ = {isa = PBXBuildFile; fileRef = 61A699E02BDAD47E005A460B /* RecordSingleton.swift */; };
		713C877A2BDA5751005E4750 /* AlamofireDynamic in Frameworks */ = {isa = PBXBuildFile; productRef = 713C87792BDA5751005E4750 /* AlamofireDynamic */; };
		7176FDA62BD67936005185F9 /* MapController.swift in Sources */ = {isa = PBXBuildFile; fileRef = 7176FDA52BD67936005185F9 /* MapController.swift */; };
		71D5D1A82BDB88990058F23C /* CouponViewController.swift in Sources */ = {isa = PBXBuildFile; fileRef = 71D5D1A72BDB88990058F23C /* CouponViewController.swift */; };
		71D5D1AA2BDB901D0058F23C /* CouponModel.swift in Sources */ = {isa = PBXBuildFile; fileRef = 71D5D1A92BDB901D0058F23C /* CouponModel.swift */; };
		71D5D1AD2BDB91FF0058F23C /* CouponCollectionViewCell.xib in Resources */ = {isa = PBXBuildFile; fileRef = 71D5D1AC2BDB91FF0058F23C /* CouponCollectionViewCell.xib */; };
		71D5D1AE2BDB91FF0058F23C /* CouponCollectionViewCell.swift in Sources */ = {isa = PBXBuildFile; fileRef = 71D5D1AB2BDB91FF0058F23C /* CouponCollectionViewCell.swift */; };
		8D11084C2BD614C200598B16 /* AppDelegate.swift in Sources */ = {isa = PBXBuildFile; fileRef = 8D11084B2BD614C200598B16 /* AppDelegate.swift */; };
		8D11084E2BD614C200598B16 /* SceneDelegate.swift in Sources */ = {isa = PBXBuildFile; fileRef = 8D11084D2BD614C200598B16 /* SceneDelegate.swift */; };
		8D1108532BD614C200598B16 /* Base in Resources */ = {isa = PBXBuildFile; fileRef = 8D1108522BD614C200598B16 /* Base */; };
		8D1108552BD614C300598B16 /* Assets.xcassets in Resources */ = {isa = PBXBuildFile; fileRef = 8D1108542BD614C300598B16 /* Assets.xcassets */; };
		8D1108582BD614C300598B16 /* Base in Resources */ = {isa = PBXBuildFile; fileRef = 8D1108572BD614C300598B16 /* Base */; };
		8DD73D872BDA4491006C508D /* PayViewController.swift in Sources */ = {isa = PBXBuildFile; fileRef = 8DD73D862BDA4491006C508D /* PayViewController.swift */; };
		B98DBE4B2BD6452800035AAB /* ProfileViewController.swift in Sources */ = {isa = PBXBuildFile; fileRef = B98DBE4A2BD6452800035AAB /* ProfileViewController.swift */; };
		B9B3CEF62BDB6B8A0000BB8B /* GuideTableViewCell.xib in Resources */ = {isa = PBXBuildFile; fileRef = B9B3CEF52BDB6B8A0000BB8B /* GuideTableViewCell.xib */; };
		B9B3CEF72BDB6B8A0000BB8B /* GuideTableViewCell.swift in Sources */ = {isa = PBXBuildFile; fileRef = B9B3CEF42BDB6B8A0000BB8B /* GuideTableViewCell.swift */; };
		B9B3CEF92BDB9EC70000BB8B /* GuideModel.swift in Sources */ = {isa = PBXBuildFile; fileRef = B9B3CEF82BDB9EC70000BB8B /* GuideModel.swift */; };
		B9C7ECA82BDA88DD00AC3F8B /* GuideViewController.swift in Sources */ = {isa = PBXBuildFile; fileRef = B9C7ECA72BDA88DD00AC3F8B /* GuideViewController.swift */; };
		B9CF1A8B2BD8A75300F01144 /* ProfileModel.swift in Sources */ = {isa = PBXBuildFile; fileRef = B9CF1A8A2BD8A75300F01144 /* ProfileModel.swift */; };
		CA38A31E2BDA02D500A8D4EB /* EditProfileViewController.swift in Sources */ = {isa = PBXBuildFile; fileRef = CA38A31D2BDA02D500A8D4EB /* EditProfileViewController.swift */; };
		CAA9D8852BDB9A0D00ABE3BA /* InviteFriendsViewController.swift in Sources */ = {isa = PBXBuildFile; fileRef = CAA9D8842BDB9A0D00ABE3BA /* InviteFriendsViewController.swift */; };
		CAABBC822BD75F3600D9FC3D /* SignupViewController.swift in Sources */ = {isa = PBXBuildFile; fileRef = CAABBC812BD75F3600D9FC3D /* SignupViewController.swift */; };
		CAEE6C372BD63E7C0053A261 /* SignInViewController.swift in Sources */ = {isa = PBXBuildFile; fileRef = CAEE6C362BD63E7C0053A261 /* SignInViewController.swift */; };
/* End PBXBuildFile section */

/* Begin PBXFileReference section */
		6148C5E22BDD03BE00A94055 /* PinModel.xcdatamodel */ = {isa = PBXFileReference; lastKnownFileType = wrapper.xcdatamodel; path = PinModel.xcdatamodel; sourceTree = "<group>"; };
		6148C5E42BDD0C2F00A94055 /* savedPinSington.swift */ = {isa = PBXFileReference; fileEncoding = 4; lastKnownFileType = sourcecode.swift; path = savedPinSington.swift; sourceTree = "<group>"; };
		614BDF852BDC97C9003E1A29 /* ScooterManageViewController.swift */ = {isa = PBXFileReference; lastKnownFileType = sourcecode.swift; path = ScooterManageViewController.swift; sourceTree = "<group>"; };
		614BDF892BDCAC32003E1A29 /* ScooterManageTableViewCell.swift */ = {isa = PBXFileReference; lastKnownFileType = sourcecode.swift; path = ScooterManageTableViewCell.swift; sourceTree = "<group>"; };
		614BDF8A2BDCAC32003E1A29 /* ScooterManageTableViewCell.xib */ = {isa = PBXFileReference; lastKnownFileType = file.xib; path = ScooterManageTableViewCell.xib; sourceTree = "<group>"; };
		616E24662BDADBD50060EDC2 /* RecordTableViewController.swift */ = {isa = PBXFileReference; lastKnownFileType = sourcecode.swift; path = RecordTableViewController.swift; sourceTree = "<group>"; };
		616E24682BDADC210060EDC2 /* RecordTableViewCell.swift */ = {isa = PBXFileReference; lastKnownFileType = sourcecode.swift; path = RecordTableViewCell.swift; sourceTree = "<group>"; };
		616E24692BDADC210060EDC2 /* RecordTableViewCell.xib */ = {isa = PBXFileReference; lastKnownFileType = file.xib; path = RecordTableViewCell.xib; sourceTree = "<group>"; };
		61814FA52BDBE0B900B169D9 /* CoordGenerator.swift */ = {isa = PBXFileReference; lastKnownFileType = sourcecode.swift; path = CoordGenerator.swift; sourceTree = "<group>"; };
		61814FA72BDBEFED00B169D9 /* PinModel.swift */ = {isa = PBXFileReference; lastKnownFileType = sourcecode.swift; path = PinModel.swift; sourceTree = "<group>"; };
		61823C072BDB731B0018AC15 /* LaunchViewController.swift */ = {isa = PBXFileReference; lastKnownFileType = sourcecode.swift; path = LaunchViewController.swift; sourceTree = "<group>"; };
		61910F6F2BD89AA300262B30 /* AccountInfo.swift */ = {isa = PBXFileReference; fileEncoding = 4; lastKnownFileType = sourcecode.swift; path = AccountInfo.swift; sourceTree = "<group>"; };
		61910F712BD89AB500262B30 /* AccountModel.swift */ = {isa = PBXFileReference; lastKnownFileType = sourcecode.swift; path = AccountModel.swift; sourceTree = "<group>"; };
		61910F732BD8C43700262B30 /* TabbarViewController.swift */ = {isa = PBXFileReference; lastKnownFileType = sourcecode.swift; path = TabbarViewController.swift; sourceTree = "<group>"; };
		61910F7E2BD8C74100262B30 /* ProfileTableViewCell.swift */ = {isa = PBXFileReference; fileEncoding = 4; lastKnownFileType = sourcecode.swift; path = ProfileTableViewCell.swift; sourceTree = "<group>"; };
		61910F7F2BD8C74100262B30 /* ProfileTableViewCell.xib */ = {isa = PBXFileReference; fileEncoding = 4; lastKnownFileType = file.xib; path = ProfileTableViewCell.xib; sourceTree = "<group>"; };
		61910F862BD8D83A00262B30 /* MapModel.swift */ = {isa = PBXFileReference; lastKnownFileType = sourcecode.swift; path = MapModel.swift; sourceTree = "<group>"; };
		61910F882BD8D84B00262B30 /* MapManager.swift */ = {isa = PBXFileReference; lastKnownFileType = sourcecode.swift; path = MapManager.swift; sourceTree = "<group>"; };
		61A699D92BDA6657005A460B /* ModalViewController.swift */ = {isa = PBXFileReference; lastKnownFileType = sourcecode.swift; path = ModalViewController.swift; sourceTree = "<group>"; };
		61A699DD2BDAD391005A460B /* RecordModel.swift */ = {isa = PBXFileReference; lastKnownFileType = sourcecode.swift; path = RecordModel.swift; sourceTree = "<group>"; };
		61A699E02BDAD47E005A460B /* RecordSingleton.swift */ = {isa = PBXFileReference; lastKnownFileType = sourcecode.swift; path = RecordSingleton.swift; sourceTree = "<group>"; };
		7176FDA52BD67936005185F9 /* MapController.swift */ = {isa = PBXFileReference; lastKnownFileType = sourcecode.swift; path = MapController.swift; sourceTree = "<group>"; };
		71D5D1A72BDB88990058F23C /* CouponViewController.swift */ = {isa = PBXFileReference; lastKnownFileType = sourcecode.swift; path = CouponViewController.swift; sourceTree = "<group>"; };
		71D5D1A92BDB901D0058F23C /* CouponModel.swift */ = {isa = PBXFileReference; lastKnownFileType = sourcecode.swift; path = CouponModel.swift; sourceTree = "<group>"; };
		71D5D1AB2BDB91FF0058F23C /* CouponCollectionViewCell.swift */ = {isa = PBXFileReference; lastKnownFileType = sourcecode.swift; path = CouponCollectionViewCell.swift; sourceTree = "<group>"; };
		71D5D1AC2BDB91FF0058F23C /* CouponCollectionViewCell.xib */ = {isa = PBXFileReference; lastKnownFileType = file.xib; path = CouponCollectionViewCell.xib; sourceTree = "<group>"; };
		8D1108482BD614C200598B16 /* Bean-scooter-app.app */ = {isa = PBXFileReference; explicitFileType = wrapper.application; includeInIndex = 0; path = "Bean-scooter-app.app"; sourceTree = BUILT_PRODUCTS_DIR; };
		8D11084B2BD614C200598B16 /* AppDelegate.swift */ = {isa = PBXFileReference; lastKnownFileType = sourcecode.swift; path = AppDelegate.swift; sourceTree = "<group>"; };
		8D11084D2BD614C200598B16 /* SceneDelegate.swift */ = {isa = PBXFileReference; lastKnownFileType = sourcecode.swift; path = SceneDelegate.swift; sourceTree = "<group>"; };
		8D1108522BD614C200598B16 /* Base */ = {isa = PBXFileReference; lastKnownFileType = file.storyboard; name = Base; path = Base.lproj/Main.storyboard; sourceTree = "<group>"; };
		8D1108542BD614C300598B16 /* Assets.xcassets */ = {isa = PBXFileReference; lastKnownFileType = folder.assetcatalog; path = Assets.xcassets; sourceTree = "<group>"; };
		8D1108572BD614C300598B16 /* Base */ = {isa = PBXFileReference; lastKnownFileType = file.storyboard; name = Base; path = Base.lproj/LaunchScreen.storyboard; sourceTree = "<group>"; };
		8D1108592BD614C300598B16 /* Info.plist */ = {isa = PBXFileReference; lastKnownFileType = text.plist.xml; path = Info.plist; sourceTree = "<group>"; };
		8DD73D862BDA4491006C508D /* PayViewController.swift */ = {isa = PBXFileReference; lastKnownFileType = sourcecode.swift; path = PayViewController.swift; sourceTree = "<group>"; };
		B98DBE4A2BD6452800035AAB /* ProfileViewController.swift */ = {isa = PBXFileReference; lastKnownFileType = sourcecode.swift; path = ProfileViewController.swift; sourceTree = "<group>"; };
		B9B3CEF42BDB6B8A0000BB8B /* GuideTableViewCell.swift */ = {isa = PBXFileReference; lastKnownFileType = sourcecode.swift; path = GuideTableViewCell.swift; sourceTree = "<group>"; };
		B9B3CEF52BDB6B8A0000BB8B /* GuideTableViewCell.xib */ = {isa = PBXFileReference; lastKnownFileType = file.xib; path = GuideTableViewCell.xib; sourceTree = "<group>"; };
		B9B3CEF82BDB9EC70000BB8B /* GuideModel.swift */ = {isa = PBXFileReference; lastKnownFileType = sourcecode.swift; path = GuideModel.swift; sourceTree = "<group>"; };
		B9C7ECA72BDA88DD00AC3F8B /* GuideViewController.swift */ = {isa = PBXFileReference; lastKnownFileType = sourcecode.swift; path = GuideViewController.swift; sourceTree = "<group>"; };
		B9CF1A8A2BD8A75300F01144 /* ProfileModel.swift */ = {isa = PBXFileReference; lastKnownFileType = sourcecode.swift; path = ProfileModel.swift; sourceTree = "<group>"; };
		CA38A31D2BDA02D500A8D4EB /* EditProfileViewController.swift */ = {isa = PBXFileReference; lastKnownFileType = sourcecode.swift; path = EditProfileViewController.swift; sourceTree = "<group>"; };
		CAA9D8842BDB9A0D00ABE3BA /* InviteFriendsViewController.swift */ = {isa = PBXFileReference; lastKnownFileType = sourcecode.swift; path = InviteFriendsViewController.swift; sourceTree = "<group>"; };
		CAABBC812BD75F3600D9FC3D /* SignupViewController.swift */ = {isa = PBXFileReference; lastKnownFileType = sourcecode.swift; path = SignupViewController.swift; sourceTree = "<group>"; };
		CAEE6C362BD63E7C0053A261 /* SignInViewController.swift */ = {isa = PBXFileReference; lastKnownFileType = sourcecode.swift; path = SignInViewController.swift; sourceTree = "<group>"; };
/* End PBXFileReference section */

/* Begin PBXFrameworksBuildPhase section */
		8D1108452BD614C200598B16 /* Frameworks */ = {
			isa = PBXFrameworksBuildPhase;
			buildActionMask = 2147483647;
			files = (
				61910F842BD8D7E500262B30 /* Alamofire in Frameworks */,
				713C877A2BDA5751005E4750 /* AlamofireDynamic in Frameworks */,
			);
			runOnlyForDeploymentPostprocessing = 0;
		};
/* End PBXFrameworksBuildPhase section */

/* Begin PBXGroup section */
		61910F6A2BD89A2E00262B30 /* Model */ = {
			isa = PBXGroup;
			children = (
				61910F6F2BD89AA300262B30 /* AccountInfo.swift */,
				61910F712BD89AB500262B30 /* AccountModel.swift */,
				B9CF1A8A2BD8A75300F01144 /* ProfileModel.swift */,
				61910F862BD8D83A00262B30 /* MapModel.swift */,
				61A699DD2BDAD391005A460B /* RecordModel.swift */,
				B9B3CEF82BDB9EC70000BB8B /* GuideModel.swift */,
				71D5D1A92BDB901D0058F23C /* CouponModel.swift */,
				61814FA72BDBEFED00B169D9 /* PinModel.swift */,
				6148C5E12BDD03BE00A94055 /* PinModel.xcdatamodeld */,
			);
			path = Model;
			sourceTree = "<group>";
		};
		61910F852BD8D82600262B30 /* Service */ = {
			isa = PBXGroup;
			children = (
				61910F882BD8D84B00262B30 /* MapManager.swift */,
				61814FA52BDBE0B900B169D9 /* CoordGenerator.swift */,
			);
			path = Service;
			sourceTree = "<group>";
		};
		61A699DF2BDAD46F005A460B /* Sington */ = {
			isa = PBXGroup;
			children = (
				6148C5E42BDD0C2F00A94055 /* savedPinSington.swift */,
				61A699E02BDAD47E005A460B /* RecordSingleton.swift */,
			);
			path = Sington;
			sourceTree = "<group>";
		};
		8D11083F2BD614C200598B16 = {
			isa = PBXGroup;
			children = (
				8D11084A2BD614C200598B16 /* Bean-scooter-app */,
				8D1108492BD614C200598B16 /* Products */,
			);
			sourceTree = "<group>";
		};
		8D1108492BD614C200598B16 /* Products */ = {
			isa = PBXGroup;
			children = (
				8D1108482BD614C200598B16 /* Bean-scooter-app.app */,
			);
			name = Products;
			sourceTree = "<group>";
		};
		8D11084A2BD614C200598B16 /* Bean-scooter-app */ = {
			isa = PBXGroup;
			children = (
				61A699DF2BDAD46F005A460B /* Sington */,
				61910F852BD8D82600262B30 /* Service */,
				61910F6A2BD89A2E00262B30 /* Model */,
				8D90B31C2BD62B0600D75E7D /* Controller */,
				8D90B31B2BD62AFA00D75E7D /* View */,
				8D11084B2BD614C200598B16 /* AppDelegate.swift */,
				8D11084D2BD614C200598B16 /* SceneDelegate.swift */,
				8D1108542BD614C300598B16 /* Assets.xcassets */,
				8D1108592BD614C300598B16 /* Info.plist */,
			);
			path = "Bean-scooter-app";
			sourceTree = "<group>";
		};
		8D90B31B2BD62AFA00D75E7D /* View */ = {
			isa = PBXGroup;
			children = (
				8D1108562BD614C300598B16 /* LaunchScreen.storyboard */,
				8D1108512BD614C200598B16 /* Main.storyboard */,
				61910F7E2BD8C74100262B30 /* ProfileTableViewCell.swift */,
				61910F7F2BD8C74100262B30 /* ProfileTableViewCell.xib */,
				B9B3CEF42BDB6B8A0000BB8B /* GuideTableViewCell.swift */,
				B9B3CEF52BDB6B8A0000BB8B /* GuideTableViewCell.xib */,
				616E24682BDADC210060EDC2 /* RecordTableViewCell.swift */,
				616E24692BDADC210060EDC2 /* RecordTableViewCell.xib */,
				71D5D1AB2BDB91FF0058F23C /* CouponCollectionViewCell.swift */,
				71D5D1AC2BDB91FF0058F23C /* CouponCollectionViewCell.xib */,
				614BDF892BDCAC32003E1A29 /* ScooterManageTableViewCell.swift */,
				614BDF8A2BDCAC32003E1A29 /* ScooterManageTableViewCell.xib */,
			);
			path = View;
			sourceTree = "<group>";
		};
		8D90B31C2BD62B0600D75E7D /* Controller */ = {
			isa = PBXGroup;
			children = (
				B98DBE4A2BD6452800035AAB /* ProfileViewController.swift */,
				B9C7ECA72BDA88DD00AC3F8B /* GuideViewController.swift */,
				7176FDA52BD67936005185F9 /* MapController.swift */,
				CAEE6C362BD63E7C0053A261 /* SignInViewController.swift */,
				CAABBC812BD75F3600D9FC3D /* SignupViewController.swift */,
				CA38A31D2BDA02D500A8D4EB /* EditProfileViewController.swift */,
				61910F732BD8C43700262B30 /* TabbarViewController.swift */,
				61A699D92BDA6657005A460B /* ModalViewController.swift */,
				8DD73D862BDA4491006C508D /* PayViewController.swift */,
				616E24662BDADBD50060EDC2 /* RecordTableViewController.swift */,
				61823C072BDB731B0018AC15 /* LaunchViewController.swift */,
				CAA9D8842BDB9A0D00ABE3BA /* InviteFriendsViewController.swift */,
				71D5D1A72BDB88990058F23C /* CouponViewController.swift */,
				614BDF852BDC97C9003E1A29 /* ScooterManageViewController.swift */,
			);
			path = Controller;
			sourceTree = "<group>";
		};
/* End PBXGroup section */

/* Begin PBXNativeTarget section */
		8D1108472BD614C200598B16 /* Bean-scooter-app */ = {
			isa = PBXNativeTarget;
			buildConfigurationList = 8D11085C2BD614C300598B16 /* Build configuration list for PBXNativeTarget "Bean-scooter-app" */;
			buildPhases = (
				8D1108442BD614C200598B16 /* Sources */,
				8D1108452BD614C200598B16 /* Frameworks */,
				8D1108462BD614C200598B16 /* Resources */,
			);
			buildRules = (
			);
			dependencies = (
			);
			name = "Bean-scooter-app";
			packageProductDependencies = (
				61910F832BD8D7E500262B30 /* Alamofire */,
				713C87792BDA5751005E4750 /* AlamofireDynamic */,
			);
			productName = "Bean-scooter-app";
			productReference = 8D1108482BD614C200598B16 /* Bean-scooter-app.app */;
			productType = "com.apple.product-type.application";
		};
/* End PBXNativeTarget section */

/* Begin PBXProject section */
		8D1108402BD614C200598B16 /* Project object */ = {
			isa = PBXProject;
			attributes = {
				BuildIndependentTargetsInParallel = 1;
				LastSwiftUpdateCheck = 1530;
				LastUpgradeCheck = 1530;
				TargetAttributes = {
					8D1108472BD614C200598B16 = {
						CreatedOnToolsVersion = 15.3;
					};
				};
			};
			buildConfigurationList = 8D1108432BD614C200598B16 /* Build configuration list for PBXProject "Bean-scooter-app" */;
			compatibilityVersion = "Xcode 14.0";
			developmentRegion = en;
			hasScannedForEncodings = 0;
			knownRegions = (
				en,
				Base,
			);
			mainGroup = 8D11083F2BD614C200598B16;
			packageReferences = (
				61910F822BD8D7E500262B30 /* XCRemoteSwiftPackageReference "Alamofire" */,
			);
			productRefGroup = 8D1108492BD614C200598B16 /* Products */;
			projectDirPath = "";
			projectRoot = "";
			targets = (
				8D1108472BD614C200598B16 /* Bean-scooter-app */,
			);
		};
/* End PBXProject section */

/* Begin PBXResourcesBuildPhase section */
		8D1108462BD614C200598B16 /* Resources */ = {
			isa = PBXResourcesBuildPhase;
			buildActionMask = 2147483647;
			files = (
				8D1108552BD614C300598B16 /* Assets.xcassets in Resources */,
				61910F812BD8C74100262B30 /* ProfileTableViewCell.xib in Resources */,
				614BDF8C2BDCAC32003E1A29 /* ScooterManageTableViewCell.xib in Resources */,
				8D1108582BD614C300598B16 /* Base in Resources */,
				616E246A2BDADC210060EDC2 /* RecordTableViewCell.xib in Resources */,
				71D5D1AD2BDB91FF0058F23C /* CouponCollectionViewCell.xib in Resources */,
				8D1108532BD614C200598B16 /* Base in Resources */,
				B9B3CEF62BDB6B8A0000BB8B /* GuideTableViewCell.xib in Resources */,
			);
			runOnlyForDeploymentPostprocessing = 0;
		};
/* End PBXResourcesBuildPhase section */

/* Begin PBXSourcesBuildPhase section */
		8D1108442BD614C200598B16 /* Sources */ = {
			isa = PBXSourcesBuildPhase;
			buildActionMask = 2147483647;
			files = (
				B9CF1A8B2BD8A75300F01144 /* ProfileModel.swift in Sources */,
				61A699E12BDAD47E005A460B /* RecordSingleton.swift in Sources */,
				616E246B2BDADC210060EDC2 /* RecordTableViewCell.swift in Sources */,
				61A699DA2BDA6657005A460B /* ModalViewController.swift in Sources */,
				61823C082BDB731B0018AC15 /* LaunchViewController.swift in Sources */,
				B9C7ECA82BDA88DD00AC3F8B /* GuideViewController.swift in Sources */,
				616E24672BDADBD50060EDC2 /* RecordTableViewController.swift in Sources */,
				71D5D1AE2BDB91FF0058F23C /* CouponCollectionViewCell.swift in Sources */,
				61910F892BD8D84B00262B30 /* MapManager.swift in Sources */,
				7176FDA62BD67936005185F9 /* MapController.swift in Sources */,
				6148C5E32BDD03BE00A94055 /* PinModel.xcdatamodeld in Sources */,
				6148C5E52BDD0C2F00A94055 /* savedPinSington.swift in Sources */,
				CAABBC822BD75F3600D9FC3D /* SignupViewController.swift in Sources */,
				61910F742BD8C43700262B30 /* TabbarViewController.swift in Sources */,
				61910F872BD8D83A00262B30 /* MapModel.swift in Sources */,
				CAEE6C372BD63E7C0053A261 /* SignInViewController.swift in Sources */,
				B9B3CEF92BDB9EC70000BB8B /* GuideModel.swift in Sources */,
				8D11084C2BD614C200598B16 /* AppDelegate.swift in Sources */,
				B9B3CEF72BDB6B8A0000BB8B /* GuideTableViewCell.swift in Sources */,
				614BDF862BDC97C9003E1A29 /* ScooterManageViewController.swift in Sources */,
				CA38A31E2BDA02D500A8D4EB /* EditProfileViewController.swift in Sources */,
				CAA9D8852BDB9A0D00ABE3BA /* InviteFriendsViewController.swift in Sources */,
				B98DBE4B2BD6452800035AAB /* ProfileViewController.swift in Sources */,
				61814FA62BDBE0B900B169D9 /* CoordGenerator.swift in Sources */,
				71D5D1A82BDB88990058F23C /* CouponViewController.swift in Sources */,
				71D5D1AA2BDB901D0058F23C /* CouponModel.swift in Sources */,
				8DD73D872BDA4491006C508D /* PayViewController.swift in Sources */,
				614BDF8B2BDCAC32003E1A29 /* ScooterManageTableViewCell.swift in Sources */,
				61910F722BD89AB500262B30 /* AccountModel.swift in Sources */,
				61A699DE2BDAD391005A460B /* RecordModel.swift in Sources */,
				61910F702BD89AA300262B30 /* AccountInfo.swift in Sources */,
				61910F802BD8C74100262B30 /* ProfileTableViewCell.swift in Sources */,
				61814FA82BDBEFED00B169D9 /* PinModel.swift in Sources */,
				8D11084E2BD614C200598B16 /* SceneDelegate.swift in Sources */,
			);
			runOnlyForDeploymentPostprocessing = 0;
		};
/* End PBXSourcesBuildPhase section */

/* Begin PBXVariantGroup section */
		8D1108512BD614C200598B16 /* Main.storyboard */ = {
			isa = PBXVariantGroup;
			children = (
				8D1108522BD614C200598B16 /* Base */,
			);
			name = Main.storyboard;
			sourceTree = "<group>";
		};
		8D1108562BD614C300598B16 /* LaunchScreen.storyboard */ = {
			isa = PBXVariantGroup;
			children = (
				8D1108572BD614C300598B16 /* Base */,
			);
			name = LaunchScreen.storyboard;
			sourceTree = "<group>";
		};
/* End PBXVariantGroup section */

/* Begin XCBuildConfiguration section */
		8D11085A2BD614C300598B16 /* Debug */ = {
			isa = XCBuildConfiguration;
			buildSettings = {
				ALWAYS_SEARCH_USER_PATHS = NO;
				ASSETCATALOG_COMPILER_GENERATE_SWIFT_ASSET_SYMBOL_EXTENSIONS = YES;
				CLANG_ANALYZER_NONNULL = YES;
				CLANG_ANALYZER_NUMBER_OBJECT_CONVERSION = YES_AGGRESSIVE;
				CLANG_CXX_LANGUAGE_STANDARD = "gnu++20";
				CLANG_ENABLE_MODULES = YES;
				CLANG_ENABLE_OBJC_ARC = YES;
				CLANG_ENABLE_OBJC_WEAK = YES;
				CLANG_WARN_BLOCK_CAPTURE_AUTORELEASING = YES;
				CLANG_WARN_BOOL_CONVERSION = YES;
				CLANG_WARN_COMMA = YES;
				CLANG_WARN_CONSTANT_CONVERSION = YES;
				CLANG_WARN_DEPRECATED_OBJC_IMPLEMENTATIONS = YES;
				CLANG_WARN_DIRECT_OBJC_ISA_USAGE = YES_ERROR;
				CLANG_WARN_DOCUMENTATION_COMMENTS = YES;
				CLANG_WARN_EMPTY_BODY = YES;
				CLANG_WARN_ENUM_CONVERSION = YES;
				CLANG_WARN_INFINITE_RECURSION = YES;
				CLANG_WARN_INT_CONVERSION = YES;
				CLANG_WARN_NON_LITERAL_NULL_CONVERSION = YES;
				CLANG_WARN_OBJC_IMPLICIT_RETAIN_SELF = YES;
				CLANG_WARN_OBJC_LITERAL_CONVERSION = YES;
				CLANG_WARN_OBJC_ROOT_CLASS = YES_ERROR;
				CLANG_WARN_QUOTED_INCLUDE_IN_FRAMEWORK_HEADER = YES;
				CLANG_WARN_RANGE_LOOP_ANALYSIS = YES;
				CLANG_WARN_STRICT_PROTOTYPES = YES;
				CLANG_WARN_SUSPICIOUS_MOVE = YES;
				CLANG_WARN_UNGUARDED_AVAILABILITY = YES_AGGRESSIVE;
				CLANG_WARN_UNREACHABLE_CODE = YES;
				CLANG_WARN__DUPLICATE_METHOD_MATCH = YES;
				COPY_PHASE_STRIP = NO;
				DEBUG_INFORMATION_FORMAT = dwarf;
				ENABLE_STRICT_OBJC_MSGSEND = YES;
				ENABLE_TESTABILITY = YES;
				ENABLE_USER_SCRIPT_SANDBOXING = YES;
				GCC_C_LANGUAGE_STANDARD = gnu17;
				GCC_DYNAMIC_NO_PIC = NO;
				GCC_NO_COMMON_BLOCKS = YES;
				GCC_OPTIMIZATION_LEVEL = 0;
				GCC_PREPROCESSOR_DEFINITIONS = (
					"DEBUG=1",
					"$(inherited)",
				);
				GCC_WARN_64_TO_32_BIT_CONVERSION = YES;
				GCC_WARN_ABOUT_RETURN_TYPE = YES_ERROR;
				GCC_WARN_UNDECLARED_SELECTOR = YES;
				GCC_WARN_UNINITIALIZED_AUTOS = YES_AGGRESSIVE;
				GCC_WARN_UNUSED_FUNCTION = YES;
				GCC_WARN_UNUSED_VARIABLE = YES;
				IPHONEOS_DEPLOYMENT_TARGET = 17.4;
				LOCALIZATION_PREFERS_STRING_CATALOGS = YES;
				MTL_ENABLE_DEBUG_INFO = INCLUDE_SOURCE;
				MTL_FAST_MATH = YES;
				ONLY_ACTIVE_ARCH = YES;
				SDKROOT = iphoneos;
				SWIFT_ACTIVE_COMPILATION_CONDITIONS = "DEBUG $(inherited)";
				SWIFT_OPTIMIZATION_LEVEL = "-Onone";
			};
			name = Debug;
		};
		8D11085B2BD614C300598B16 /* Release */ = {
			isa = XCBuildConfiguration;
			buildSettings = {
				ALWAYS_SEARCH_USER_PATHS = NO;
				ASSETCATALOG_COMPILER_GENERATE_SWIFT_ASSET_SYMBOL_EXTENSIONS = YES;
				CLANG_ANALYZER_NONNULL = YES;
				CLANG_ANALYZER_NUMBER_OBJECT_CONVERSION = YES_AGGRESSIVE;
				CLANG_CXX_LANGUAGE_STANDARD = "gnu++20";
				CLANG_ENABLE_MODULES = YES;
				CLANG_ENABLE_OBJC_ARC = YES;
				CLANG_ENABLE_OBJC_WEAK = YES;
				CLANG_WARN_BLOCK_CAPTURE_AUTORELEASING = YES;
				CLANG_WARN_BOOL_CONVERSION = YES;
				CLANG_WARN_COMMA = YES;
				CLANG_WARN_CONSTANT_CONVERSION = YES;
				CLANG_WARN_DEPRECATED_OBJC_IMPLEMENTATIONS = YES;
				CLANG_WARN_DIRECT_OBJC_ISA_USAGE = YES_ERROR;
				CLANG_WARN_DOCUMENTATION_COMMENTS = YES;
				CLANG_WARN_EMPTY_BODY = YES;
				CLANG_WARN_ENUM_CONVERSION = YES;
				CLANG_WARN_INFINITE_RECURSION = YES;
				CLANG_WARN_INT_CONVERSION = YES;
				CLANG_WARN_NON_LITERAL_NULL_CONVERSION = YES;
				CLANG_WARN_OBJC_IMPLICIT_RETAIN_SELF = YES;
				CLANG_WARN_OBJC_LITERAL_CONVERSION = YES;
				CLANG_WARN_OBJC_ROOT_CLASS = YES_ERROR;
				CLANG_WARN_QUOTED_INCLUDE_IN_FRAMEWORK_HEADER = YES;
				CLANG_WARN_RANGE_LOOP_ANALYSIS = YES;
				CLANG_WARN_STRICT_PROTOTYPES = YES;
				CLANG_WARN_SUSPICIOUS_MOVE = YES;
				CLANG_WARN_UNGUARDED_AVAILABILITY = YES_AGGRESSIVE;
				CLANG_WARN_UNREACHABLE_CODE = YES;
				CLANG_WARN__DUPLICATE_METHOD_MATCH = YES;
				COPY_PHASE_STRIP = NO;
				DEBUG_INFORMATION_FORMAT = "dwarf-with-dsym";
				ENABLE_NS_ASSERTIONS = NO;
				ENABLE_STRICT_OBJC_MSGSEND = YES;
				ENABLE_USER_SCRIPT_SANDBOXING = YES;
				GCC_C_LANGUAGE_STANDARD = gnu17;
				GCC_NO_COMMON_BLOCKS = YES;
				GCC_WARN_64_TO_32_BIT_CONVERSION = YES;
				GCC_WARN_ABOUT_RETURN_TYPE = YES_ERROR;
				GCC_WARN_UNDECLARED_SELECTOR = YES;
				GCC_WARN_UNINITIALIZED_AUTOS = YES_AGGRESSIVE;
				GCC_WARN_UNUSED_FUNCTION = YES;
				GCC_WARN_UNUSED_VARIABLE = YES;
				IPHONEOS_DEPLOYMENT_TARGET = 17.4;
				LOCALIZATION_PREFERS_STRING_CATALOGS = YES;
				MTL_ENABLE_DEBUG_INFO = NO;
				MTL_FAST_MATH = YES;
				SDKROOT = iphoneos;
				SWIFT_COMPILATION_MODE = wholemodule;
				VALIDATE_PRODUCT = YES;
			};
			name = Release;
		};
		8D11085D2BD614C300598B16 /* Debug */ = {
			isa = XCBuildConfiguration;
			buildSettings = {
				ASSETCATALOG_COMPILER_APPICON_NAME = AppIcon;
				ASSETCATALOG_COMPILER_GLOBAL_ACCENT_COLOR_NAME = AccentColor;
				CODE_SIGN_IDENTITY = "Apple Development";
				CODE_SIGN_STYLE = Automatic;
				CURRENT_PROJECT_VERSION = 1;
				DEVELOPMENT_TEAM = LA95MXQ3R5;
				GENERATE_INFOPLIST_FILE = YES;
				INFOPLIST_FILE = "Bean-scooter-app/Info.plist";
				INFOPLIST_KEY_UIApplicationSupportsIndirectInputEvents = YES;
				INFOPLIST_KEY_UILaunchStoryboardName = LaunchScreen;
				INFOPLIST_KEY_UIMainStoryboardFile = Main;
				INFOPLIST_KEY_UISupportedInterfaceOrientations_iPad = "UIInterfaceOrientationPortrait UIInterfaceOrientationPortraitUpsideDown UIInterfaceOrientationLandscapeLeft UIInterfaceOrientationLandscapeRight";
				INFOPLIST_KEY_UISupportedInterfaceOrientations_iPhone = "UIInterfaceOrientationPortrait UIInterfaceOrientationLandscapeLeft UIInterfaceOrientationLandscapeRight";
				LD_RUNPATH_SEARCH_PATHS = (
					"$(inherited)",
					"@executable_path/Frameworks",
				);
				MARKETING_VERSION = 1.0;
				PRODUCT_BUNDLE_IDENTIFIER = "com.task.Bean-scooter-app";
				PRODUCT_NAME = "$(TARGET_NAME)";
				PROVISIONING_PROFILE_SPECIFIER = "";
				SWIFT_EMIT_LOC_STRINGS = YES;
				SWIFT_VERSION = 5.0;
				TARGETED_DEVICE_FAMILY = "1,2";
			};
			name = Debug;
		};
		8D11085E2BD614C300598B16 /* Release */ = {
			isa = XCBuildConfiguration;
			buildSettings = {
				ASSETCATALOG_COMPILER_APPICON_NAME = AppIcon;
				ASSETCATALOG_COMPILER_GLOBAL_ACCENT_COLOR_NAME = AccentColor;
				CODE_SIGN_IDENTITY = "Apple Development";
				CODE_SIGN_STYLE = Automatic;
				CURRENT_PROJECT_VERSION = 1;
				DEVELOPMENT_TEAM = LA95MXQ3R5;
				GENERATE_INFOPLIST_FILE = YES;
				INFOPLIST_FILE = "Bean-scooter-app/Info.plist";
				INFOPLIST_KEY_UIApplicationSupportsIndirectInputEvents = YES;
				INFOPLIST_KEY_UILaunchStoryboardName = LaunchScreen;
				INFOPLIST_KEY_UIMainStoryboardFile = Main;
				INFOPLIST_KEY_UISupportedInterfaceOrientations_iPad = "UIInterfaceOrientationPortrait UIInterfaceOrientationPortraitUpsideDown UIInterfaceOrientationLandscapeLeft UIInterfaceOrientationLandscapeRight";
				INFOPLIST_KEY_UISupportedInterfaceOrientations_iPhone = "UIInterfaceOrientationPortrait UIInterfaceOrientationLandscapeLeft UIInterfaceOrientationLandscapeRight";
				LD_RUNPATH_SEARCH_PATHS = (
					"$(inherited)",
					"@executable_path/Frameworks",
				);
				MARKETING_VERSION = 1.0;
				PRODUCT_BUNDLE_IDENTIFIER = "com.task.Bean-scooter-app";
				PRODUCT_NAME = "$(TARGET_NAME)";
				PROVISIONING_PROFILE_SPECIFIER = "";
				SWIFT_EMIT_LOC_STRINGS = YES;
				SWIFT_VERSION = 5.0;
				TARGETED_DEVICE_FAMILY = "1,2";
			};
			name = Release;
		};
/* End XCBuildConfiguration section */

/* Begin XCConfigurationList section */
		8D1108432BD614C200598B16 /* Build configuration list for PBXProject "Bean-scooter-app" */ = {
			isa = XCConfigurationList;
			buildConfigurations = (
				8D11085A2BD614C300598B16 /* Debug */,
				8D11085B2BD614C300598B16 /* Release */,
			);
			defaultConfigurationIsVisible = 0;
			defaultConfigurationName = Release;
		};
		8D11085C2BD614C300598B16 /* Build configuration list for PBXNativeTarget "Bean-scooter-app" */ = {
			isa = XCConfigurationList;
			buildConfigurations = (
				8D11085D2BD614C300598B16 /* Debug */,
				8D11085E2BD614C300598B16 /* Release */,
			);
			defaultConfigurationIsVisible = 0;
			defaultConfigurationName = Release;
		};
/* End XCConfigurationList section */

/* Begin XCRemoteSwiftPackageReference section */
		61910F822BD8D7E500262B30 /* XCRemoteSwiftPackageReference "Alamofire" */ = {
			isa = XCRemoteSwiftPackageReference;
			repositoryURL = "https://github.com/Alamofire/Alamofire.git";
			requirement = {
				kind = upToNextMajorVersion;
				minimumVersion = 5.9.1;
			};
		};
/* End XCRemoteSwiftPackageReference section */

/* Begin XCSwiftPackageProductDependency section */
		61910F832BD8D7E500262B30 /* Alamofire */ = {
			isa = XCSwiftPackageProductDependency;
			package = 61910F822BD8D7E500262B30 /* XCRemoteSwiftPackageReference "Alamofire" */;
			productName = Alamofire;
		};
		713C87792BDA5751005E4750 /* AlamofireDynamic */ = {
			isa = XCSwiftPackageProductDependency;
			package = 61910F822BD8D7E500262B30 /* XCRemoteSwiftPackageReference "Alamofire" */;
			productName = AlamofireDynamic;
		};
/* End XCSwiftPackageProductDependency section */

/* Begin XCVersionGroup section */
		6148C5E12BDD03BE00A94055 /* PinModel.xcdatamodeld */ = {
			isa = XCVersionGroup;
			children = (
				6148C5E22BDD03BE00A94055 /* PinModel.xcdatamodel */,
			);
			currentVersion = 6148C5E22BDD03BE00A94055 /* PinModel.xcdatamodel */;
			name = PinModel.xcdatamodeld;
			path = "/Users/dongik/Documents/Workspace/done/Bean-scooter-app/Model/PinModel.xcdatamodeld";
			sourceTree = "<group>";
			versionGroupType = wrapper.xcdatamodel;
		};
/* End XCVersionGroup section */
	};
	rootObject = 8D1108402BD614C200598B16 /* Project object */;
}
